<?xml version="1.0" encoding="utf-8"?>
<Project ToolsVersion="4.0" xmlns="http://schemas.microsoft.com/developer/msbuild/2003">
  <ItemGroup>
    <ClCompile Include="Source.cpp" />
    <ClCompile Include="glad.c">
      <Filter>Utils</Filter>
    </ClCompile>
    <ClCompile Include="camera.cpp">
      <Filter>Others</Filter>
    </ClCompile>
    <ClCompile Include="mesh.cpp">
      <Filter>Others</Filter>
    </ClCompile>
    <ClCompile Include="model.cpp">
      <Filter>Others</Filter>
    </ClCompile>
    <ClCompile Include="Shader.cpp">
      <Filter>Others</Filter>
    </ClCompile>
    <ClCompile Include="stb_image.cpp">
      <Filter>Others</Filter>
    </ClCompile>
    <ClCompile Include="ebo.cpp">
      <Filter>Others</Filter>
    </ClCompile>
    <ClCompile Include="vao.cpp">
      <Filter>Others</Filter>
    </ClCompile>
    <ClCompile Include="vbo.cpp">
      <Filter>Others</Filter>
    </ClCompile>
    <ClCompile Include="fbo.cpp">
      <Filter>Others</Filter>
    </ClCompile>
    <ClCompile Include="rbo.cpp">
      <Filter>Others</Filter>
    </ClCompile>
    <ClCompile Include="texture_buffer.cpp">
      <Filter>Others</Filter>
    </ClCompile>
  </ItemGroup>
  <ItemGroup>
    <ClInclude Include="camera.h">
      <Filter>Header Files</Filter>
    </ClInclude>
    <ClInclude Include="mesh.h">
      <Filter>Header Files</Filter>
    </ClInclude>
    <ClInclude Include="model.h">
      <Filter>Header Files</Filter>
    </ClInclude>
    <ClInclude Include="Shader.h">
      <Filter>Header Files</Filter>
    </ClInclude>
    <ClInclude Include="stb_image.h">
      <Filter>Utils</Filter>
    </ClInclude>
    <ClInclude Include="vbo.h">
      <Filter>Header Files</Filter>
    </ClInclude>
    <ClInclude Include="vao.h">
      <Filter>Header Files</Filter>
    </ClInclude>
    <ClInclude Include="ebo.h">
      <Filter>Header Files</Filter>
    </ClInclude>
    <ClInclude Include="rbo.h">
      <Filter>Header Files</Filter>
    </ClInclude>
    <ClInclude Include="fbo.h">
      <Filter>Header Files</Filter>
    </ClInclude>
    <ClInclude Include="texture_buffer.h">
      <Filter>Header Files</Filter>
    </ClInclude>
  </ItemGroup>
  <ItemGroup>
    <None Include="blending-fragment.glsl">
      <Filter>Part IV\Blending</Filter>
    </None>
    <None Include="blending-vertex.glsl">
      <Filter>Part IV\Blending</Filter>
    </None>
    <None Include="LightSourceFragmentShader.glsl">
      <Filter>Part II\Lighting</Filter>
    </None>
    <None Include="LightSourceVertexShader.glsl">
      <Filter>Part II\Lighting</Filter>
    </None>
    <None Include="model_loading_fragment.glsl">
      <Filter>Part III\Model</Filter>
    </None>
    <None Include="depth-test-vertex.glsl">
      <Filter>Part IV\Depth Testing</Filter>
    </None>
    <None Include="depth-test-fragment.glsl">
      <Filter>Part IV\Depth Testing</Filter>
    </None>
    <None Include="model_loading_vertex.glsl">
      <Filter>Part III\Model</Filter>
    </None>
    <None Include="FragmentShader.glsl">
      <Filter>Part II\Lighting</Filter>
    </None>
    <None Include="VertexShader.glsl">
      <Filter>Part II\Lighting</Filter>
    </None>
    <None Include="screen-framebuffer-fs.glsl">
      <Filter>Part IV\Framebuffer</Filter>
    </None>
    <None Include="screen-framebuffer-vs.glsl">
      <Filter>Part IV\Framebuffer</Filter>
    </None>
    <None Include="framebuffer-vs.glsl">
      <Filter>Part IV\Framebuffer</Filter>
    </None>
    <None Include="framebuffer-fs.glsl">
      <Filter>Part IV\Framebuffer</Filter>
    </None>
    <None Include="cubemap-vs.glsl">
      <Filter>Part IV\Cubemap</Filter>
    </None>
    <None Include="cubemap-fs.glsl">
      <Filter>Part IV\Cubemap</Filter>
    </None>
    <None Include="skybox-vs.glsl">
      <Filter>Part IV\Cubemap</Filter>
    </None>
    <None Include="skybox-fs.glsl">
      <Filter>Part IV\Cubemap</Filter>
    </None>
  </ItemGroup>
  <ItemGroup>
    <Filter Include="Header Files">
      <UniqueIdentifier>{c2eca65b-75a1-4409-b7b9-c33a1eabae40}</UniqueIdentifier>
    </Filter>
    <Filter Include="Utils">
      <UniqueIdentifier>{495f319b-42ea-41ae-8c6e-b5bd004a896b}</UniqueIdentifier>
    </Filter>
    <Filter Include="Others">
      <UniqueIdentifier>{8ea607e2-2560-4550-906f-719196d8c0ea}</UniqueIdentifier>
    </Filter>
    <Filter Include="Part IV">
      <UniqueIdentifier>{7a459c81-0c9b-4980-b15d-6d484e01b6c1}</UniqueIdentifier>
    </Filter>
    <Filter Include="Part IV\Depth Testing">
      <UniqueIdentifier>{ad1e0164-ee6b-4607-a918-29ca27660221}</UniqueIdentifier>
    </Filter>
    <Filter Include="Part IV\Blending">
      <UniqueIdentifier>{57277e93-0719-48a9-9dfb-f3a36f672e7f}</UniqueIdentifier>
    </Filter>
    <Filter Include="Part IV\Framebuffer">
      <UniqueIdentifier>{18d942e4-7fda-47bd-9394-c69ffcab24bc}</UniqueIdentifier>
    </Filter>
    <Filter Include="Part II">
      <UniqueIdentifier>{edc74010-e8cc-417f-8f8b-066e9402280b}</UniqueIdentifier>
    </Filter>
    <Filter Include="Part II\Lighting">
      <UniqueIdentifier>{49b32087-4cec-405c-ba20-6476d4298358}</UniqueIdentifier>
    </Filter>
    <Filter Include="Part III">
      <UniqueIdentifier>{daed684a-d8ad-4d55-ac30-1e1ac9151630}</UniqueIdentifier>
    </Filter>
    <Filter Include="Part III\Model">
      <UniqueIdentifier>{466476d4-d457-4b6b-b05e-60716e8866e6}</UniqueIdentifier>
    </Filter>
    <Filter Include="Part IV\Cubemap">
      <UniqueIdentifier>{20e1268d-2b60-4d64-90fa-65e5f21d6ee1}</UniqueIdentifier>
    </Filter>
  </ItemGroup>
</Project>