<?xml version="1.0" encoding="utf-8"?>
<Project ToolsVersion="4.0" xmlns="http://schemas.microsoft.com/developer/msbuild/2003">
  <ItemGroup>
    <ClCompile Include="Source.cpp" />
    <ClCompile Include="glad.c">
      <Filter>Utils</Filter>
    </ClCompile>
    <ClCompile Include="stb_image.cpp">
      <Filter>Others</Filter>
    </ClCompile>
    <ClCompile Include="fbo.cpp">
      <Filter>Others\Buffer</Filter>
    </ClCompile>
    <ClCompile Include="ebo.cpp">
      <Filter>Others\Buffer</Filter>
    </ClCompile>
    <ClCompile Include="vao.cpp">
      <Filter>Others\Buffer</Filter>
    </ClCompile>
    <ClCompile Include="vbo.cpp">
      <Filter>Others\Buffer</Filter>
    </ClCompile>
    <ClCompile Include="rbo.cpp">
      <Filter>Others\Buffer</Filter>
    </ClCompile>
    <ClCompile Include="texture_buffer.cpp">
      <Filter>Others\Buffer</Filter>
    </ClCompile>
    <ClCompile Include="model.cpp">
      <Filter>Others\Model</Filter>
    </ClCompile>
    <ClCompile Include="mesh.cpp">
      <Filter>Others\Model</Filter>
    </ClCompile>
    <ClCompile Include="camera.cpp">
      <Filter>Others\Camera</Filter>
    </ClCompile>
    <ClCompile Include="Shader.cpp">
      <Filter>Others\Shader</Filter>
    </ClCompile>
    <ClCompile Include="utils.cpp">
      <Filter>Utils</Filter>
    </ClCompile>
    <ClCompile Include="settings.cpp">
      <Filter>Others\Setting</Filter>
    </ClCompile>
  </ItemGroup>
  <ItemGroup>
    <ClInclude Include="stb_image.h">
      <Filter>Utils</Filter>
    </ClInclude>
    <ClInclude Include="ebo.h">
      <Filter>Header Files\Buffer</Filter>
    </ClInclude>
    <ClInclude Include="fbo.h">
      <Filter>Header Files\Buffer</Filter>
    </ClInclude>
    <ClInclude Include="rbo.h">
      <Filter>Header Files\Buffer</Filter>
    </ClInclude>
    <ClInclude Include="vbo.h">
      <Filter>Header Files\Buffer</Filter>
    </ClInclude>
    <ClInclude Include="vao.h">
      <Filter>Header Files\Buffer</Filter>
    </ClInclude>
    <ClInclude Include="model.h">
      <Filter>Header Files\Model</Filter>
    </ClInclude>
    <ClInclude Include="mesh.h">
      <Filter>Header Files\Model</Filter>
    </ClInclude>
    <ClInclude Include="texture_buffer.h">
      <Filter>Header Files\Buffer</Filter>
    </ClInclude>
    <ClInclude Include="Shader.h">
      <Filter>Header Files\Shader</Filter>
    </ClInclude>
    <ClInclude Include="camera.h">
      <Filter>Header Files\Camera</Filter>
    </ClInclude>
    <ClInclude Include="settings.h">
      <Filter>Header Files\Setting</Filter>
    </ClInclude>
    <ClInclude Include="utils.h">
      <Filter>Utils</Filter>
    </ClInclude>
  </ItemGroup>
  <ItemGroup>
    <None Include="blending-fragment.glsl">
      <Filter>Part IV\Blending</Filter>
    </None>
    <None Include="blending-vertex.glsl">
      <Filter>Part IV\Blending</Filter>
    </None>
    <None Include="LightSourceFragmentShader.glsl">
      <Filter>Part II\Lighting</Filter>
    </None>
    <None Include="LightSourceVertexShader.glsl">
      <Filter>Part II\Lighting</Filter>
    </None>
    <None Include="model_loading_fragment.glsl">
      <Filter>Part III\Model</Filter>
    </None>
    <None Include="depth-test-vertex.glsl">
      <Filter>Part IV\Depth Testing</Filter>
    </None>
    <None Include="depth-test-fragment.glsl">
      <Filter>Part IV\Depth Testing</Filter>
    </None>
    <None Include="model_loading_vertex.glsl">
      <Filter>Part III\Model</Filter>
    </None>
    <None Include="FragmentShader.glsl">
      <Filter>Part II\Lighting</Filter>
    </None>
    <None Include="VertexShader.glsl">
      <Filter>Part II\Lighting</Filter>
    </None>
    <None Include="screen-framebuffer-fs.glsl">
      <Filter>Part IV\Framebuffer</Filter>
    </None>
    <None Include="screen-framebuffer-vs.glsl">
      <Filter>Part IV\Framebuffer</Filter>
    </None>
    <None Include="framebuffer-vs.glsl">
      <Filter>Part IV\Framebuffer</Filter>
    </None>
    <None Include="framebuffer-fs.glsl">
      <Filter>Part IV\Framebuffer</Filter>
    </None>
    <None Include="cubemap-vs.glsl">
      <Filter>Part IV\Cubemap</Filter>
    </None>
    <None Include="cubemap-fs.glsl">
      <Filter>Part IV\Cubemap</Filter>
    </None>
    <None Include="skybox-vs.glsl">
      <Filter>Part IV\Cubemap</Filter>
    </None>
    <None Include="skybox-fs.glsl">
      <Filter>Part IV\Cubemap</Filter>
    </None>
    <None Include="common-vs.glsl">
      <Filter>Part IV\Advanced GLSL</Filter>
    </None>
    <None Include="red-fs.glsl">
      <Filter>Part IV\Advanced GLSL</Filter>
    </None>
    <None Include="blue-fs.glsl">
      <Filter>Part IV\Advanced GLSL</Filter>
    </None>
    <None Include="green-fs.glsl">
      <Filter>Part IV\Advanced GLSL</Filter>
    </None>
    <None Include="yellow-fs.glsl">
      <Filter>Part IV\Advanced GLSL</Filter>
    </None>
    <None Include="model-fs.glsl">
      <Filter>Part IV\Geometry Shader\Default Shader</Filter>
    </None>
    <None Include="model-gs.glsl">
      <Filter>Part IV\Geometry Shader\Default Shader</Filter>
    </None>
    <None Include="model-vs.glsl">
      <Filter>Part IV\Geometry Shader\Default Shader</Filter>
    </None>
    <None Include="fs.glsl">
      <Filter>Part IV\Geometry Shader\Normal Shader</Filter>
    </None>
    <None Include="gs.glsl">
      <Filter>Part IV\Geometry Shader\Normal Shader</Filter>
    </None>
    <None Include="vs.glsl">
      <Filter>Part IV\Geometry Shader\Normal Shader</Filter>
    </None>
    <None Include="model-outline-vs.glsl">
      <Filter>Part IV\Geometry Shader\Outline Shader</Filter>
    </None>
    <None Include="model-outline-fs.glsl">
      <Filter>Part IV\Geometry Shader\Outline Shader</Filter>
    </None>
    <None Include="planet_vs.glsl">
      <Filter>Part IV\Instancing\Space</Filter>
    </None>
    <None Include="planet_fs.glsl">
      <Filter>Part IV\Instancing\Space</Filter>
    </None>
    <None Include="instancing_fs.glsl">
      <Filter>Part IV\Instancing\Space</Filter>
    </None>
    <None Include="instancing_vs.glsl">
      <Filter>Part IV\Instancing\Space</Filter>
    </None>
    <None Include="aa_fs.glsl">
      <Filter>Part IV\Anti-Aliasing</Filter>
    </None>
    <None Include="aa_vs.glsl">
      <Filter>Part IV\Anti-Aliasing</Filter>
    </None>
  </ItemGroup>
  <ItemGroup>
    <Filter Include="Header Files">
      <UniqueIdentifier>{c2eca65b-75a1-4409-b7b9-c33a1eabae40}</UniqueIdentifier>
    </Filter>
    <Filter Include="Utils">
      <UniqueIdentifier>{495f319b-42ea-41ae-8c6e-b5bd004a896b}</UniqueIdentifier>
    </Filter>
    <Filter Include="Others">
      <UniqueIdentifier>{8ea607e2-2560-4550-906f-719196d8c0ea}</UniqueIdentifier>
    </Filter>
    <Filter Include="Part IV">
      <UniqueIdentifier>{7a459c81-0c9b-4980-b15d-6d484e01b6c1}</UniqueIdentifier>
    </Filter>
    <Filter Include="Part IV\Depth Testing">
      <UniqueIdentifier>{ad1e0164-ee6b-4607-a918-29ca27660221}</UniqueIdentifier>
    </Filter>
    <Filter Include="Part IV\Blending">
      <UniqueIdentifier>{57277e93-0719-48a9-9dfb-f3a36f672e7f}</UniqueIdentifier>
    </Filter>
    <Filter Include="Part IV\Framebuffer">
      <UniqueIdentifier>{18d942e4-7fda-47bd-9394-c69ffcab24bc}</UniqueIdentifier>
    </Filter>
    <Filter Include="Part II">
      <UniqueIdentifier>{edc74010-e8cc-417f-8f8b-066e9402280b}</UniqueIdentifier>
    </Filter>
    <Filter Include="Part II\Lighting">
      <UniqueIdentifier>{49b32087-4cec-405c-ba20-6476d4298358}</UniqueIdentifier>
    </Filter>
    <Filter Include="Part III">
      <UniqueIdentifier>{daed684a-d8ad-4d55-ac30-1e1ac9151630}</UniqueIdentifier>
    </Filter>
    <Filter Include="Part III\Model">
      <UniqueIdentifier>{466476d4-d457-4b6b-b05e-60716e8866e6}</UniqueIdentifier>
    </Filter>
    <Filter Include="Part IV\Cubemap">
      <UniqueIdentifier>{20e1268d-2b60-4d64-90fa-65e5f21d6ee1}</UniqueIdentifier>
    </Filter>
    <Filter Include="Part IV\Advanced GLSL">
      <UniqueIdentifier>{49b50c85-62a1-403f-8e9f-0ea113cbbddf}</UniqueIdentifier>
    </Filter>
    <Filter Include="Header Files\Buffer">
      <UniqueIdentifier>{7b3006a0-f95f-43ee-9b6e-3ec5f559b97f}</UniqueIdentifier>
    </Filter>
    <Filter Include="Header Files\Model">
      <UniqueIdentifier>{f135dc55-670a-4ec2-87a1-caf04627d95b}</UniqueIdentifier>
    </Filter>
    <Filter Include="Header Files\Shader">
      <UniqueIdentifier>{4d09d8a9-4b92-41b7-9d4f-f07a7948e9c8}</UniqueIdentifier>
    </Filter>
    <Filter Include="Header Files\Camera">
      <UniqueIdentifier>{2d951618-adfa-4e31-bf38-158cf59f60b3}</UniqueIdentifier>
    </Filter>
    <Filter Include="Others\Buffer">
      <UniqueIdentifier>{127bf076-f387-431d-bdd9-8957454a5341}</UniqueIdentifier>
    </Filter>
    <Filter Include="Others\Camera">
      <UniqueIdentifier>{5b9eaef3-42b9-454b-ab41-8a861c10c63c}</UniqueIdentifier>
    </Filter>
    <Filter Include="Others\Model">
      <UniqueIdentifier>{9c463b47-969a-44ec-baf7-b9df1bb699b3}</UniqueIdentifier>
    </Filter>
    <Filter Include="Others\Shader">
      <UniqueIdentifier>{298168e4-b698-4e69-8e6d-76f25aa893a2}</UniqueIdentifier>
    </Filter>
    <Filter Include="Header Files\Setting">
      <UniqueIdentifier>{612e63e1-057b-4197-97a6-6714107e2436}</UniqueIdentifier>
    </Filter>
    <Filter Include="Others\Setting">
      <UniqueIdentifier>{4031a2ad-4b57-42dd-951b-c3f11adc7474}</UniqueIdentifier>
    </Filter>
    <Filter Include="Part IV\Geometry Shader">
      <UniqueIdentifier>{10e5d3f1-479d-4c15-9e1f-c2cd48bee966}</UniqueIdentifier>
    </Filter>
    <Filter Include="Part IV\Geometry Shader\Default Shader">
      <UniqueIdentifier>{d1e75aa2-8a39-4f94-bbfa-39fe25782db2}</UniqueIdentifier>
    </Filter>
    <Filter Include="Part IV\Geometry Shader\Normal Shader">
      <UniqueIdentifier>{74306fd0-f573-4e85-8461-b9972ea70542}</UniqueIdentifier>
    </Filter>
    <Filter Include="Part IV\Geometry Shader\Outline Shader">
      <UniqueIdentifier>{c33d050e-4a74-42bc-9dd9-a3e103692261}</UniqueIdentifier>
    </Filter>
    <Filter Include="Part IV\Instancing">
      <UniqueIdentifier>{7ac00725-7368-48b7-815d-6253f981c5cd}</UniqueIdentifier>
    </Filter>
    <Filter Include="Part IV\Instancing\Space">
      <UniqueIdentifier>{62bdbe59-c0ff-4be7-8d98-3fa8c7bc0c03}</UniqueIdentifier>
    </Filter>
    <Filter Include="Part IV\Anti-Aliasing">
      <UniqueIdentifier>{d97500d8-1233-470c-b5dc-854251d42aa2}</UniqueIdentifier>
    </Filter>
  </ItemGroup>
</Project>